// !$*UTF8*$!
{
	archiveVersion = 1;
	classes = {
	};
	objectVersion = 56;
	objects = {

/* Begin PBXBuildFile section */
		5D3FD1C329CE1DCF00224E3E /* AppDelegate.swift in Sources */ = {isa = PBXBuildFile; fileRef = 5D3FD1C229CE1DCF00224E3E /* AppDelegate.swift */; };
		5D3FD1C529CE1DD000224E3E /* GameScene.sks in Resources */ = {isa = PBXBuildFile; fileRef = 5D3FD1C429CE1DD000224E3E /* GameScene.sks */; };
		5D3FD1C729CE1DD000224E3E /* Actions.sks in Resources */ = {isa = PBXBuildFile; fileRef = 5D3FD1C629CE1DD000224E3E /* Actions.sks */; };
		5D3FD1C929CE1DD000224E3E /* GameScene.swift in Sources */ = {isa = PBXBuildFile; fileRef = 5D3FD1C829CE1DD000224E3E /* GameScene.swift */; };
		5D3FD1CB29CE1DD000224E3E /* GameViewController.swift in Sources */ = {isa = PBXBuildFile; fileRef = 5D3FD1CA29CE1DD000224E3E /* GameViewController.swift */; };
		5D3FD1CE29CE1DD000224E3E /* Main.storyboard in Resources */ = {isa = PBXBuildFile; fileRef = 5D3FD1CC29CE1DD000224E3E /* Main.storyboard */; };
		5D3FD1D029CE1DD100224E3E /* Assets.xcassets in Resources */ = {isa = PBXBuildFile; fileRef = 5D3FD1CF29CE1DD100224E3E /* Assets.xcassets */; };
		5D3FD1D329CE1DD100224E3E /* LaunchScreen.storyboard in Resources */ = {isa = PBXBuildFile; fileRef = 5D3FD1D129CE1DD100224E3E /* LaunchScreen.storyboard */; };
		5D3FD1DD29CE1DD200224E3E /* ElonsPathTests.swift in Sources */ = {isa = PBXBuildFile; fileRef = 5D3FD1DC29CE1DD200224E3E /* ElonsPathTests.swift */; };
		5D3FD1E729CE1DD200224E3E /* ElonsPathUITests.swift in Sources */ = {isa = PBXBuildFile; fileRef = 5D3FD1E629CE1DD200224E3E /* ElonsPathUITests.swift */; };
		5D3FD1E929CE1DD200224E3E /* ElonsPathUITestsLaunchTests.swift in Sources */ = {isa = PBXBuildFile; fileRef = 5D3FD1E829CE1DD200224E3E /* ElonsPathUITestsLaunchTests.swift */; };
/* End PBXBuildFile section */

/* Begin PBXContainerItemProxy section */
		5D3FD1D929CE1DD200224E3E /* PBXContainerItemProxy */ = {
			isa = PBXContainerItemProxy;
			containerPortal = 5D3FD1B729CE1DCF00224E3E /* Project object */;
			proxyType = 1;
			remoteGlobalIDString = 5D3FD1BE29CE1DCF00224E3E;
			remoteInfo = ElonsPath;
		};
		5D3FD1E329CE1DD200224E3E /* PBXContainerItemProxy */ = {
			isa = PBXContainerItemProxy;
			containerPortal = 5D3FD1B729CE1DCF00224E3E /* Project object */;
			proxyType = 1;
			remoteGlobalIDString = 5D3FD1BE29CE1DCF00224E3E;
			remoteInfo = ElonsPath;
		};
/* End PBXContainerItemProxy section */

/* Begin PBXFileReference section */
		5D3FD1BF29CE1DCF00224E3E /* ElonsPath.app */ = {isa = PBXFileReference; explicitFileType = wrapper.application; includeInIndex = 0; path = ElonsPath.app; sourceTree = BUILT_PRODUCTS_DIR; };
		5D3FD1C229CE1DCF00224E3E /* AppDelegate.swift */ = {isa = PBXFileReference; lastKnownFileType = sourcecode.swift; path = AppDelegate.swift; sourceTree = "<group>"; };
		5D3FD1C429CE1DD000224E3E /* GameScene.sks */ = {isa = PBXFileReference; lastKnownFileType = file.sks; path = GameScene.sks; sourceTree = "<group>"; };
		5D3FD1C629CE1DD000224E3E /* Actions.sks */ = {isa = PBXFileReference; lastKnownFileType = file.sks; path = Actions.sks; sourceTree = "<group>"; };
		5D3FD1C829CE1DD000224E3E /* GameScene.swift */ = {isa = PBXFileReference; lastKnownFileType = sourcecode.swift; path = GameScene.swift; sourceTree = "<group>"; };
		5D3FD1CA29CE1DD000224E3E /* GameViewController.swift */ = {isa = PBXFileReference; lastKnownFileType = sourcecode.swift; path = GameViewController.swift; sourceTree = "<group>"; };
		5D3FD1CD29CE1DD000224E3E /* Base */ = {isa = PBXFileReference; lastKnownFileType = file.storyboard; name = Base; path = Base.lproj/Main.storyboard; sourceTree = "<group>"; };
		5D3FD1CF29CE1DD100224E3E /* Assets.xcassets */ = {isa = PBXFileReference; lastKnownFileType = folder.assetcatalog; path = Assets.xcassets; sourceTree = "<group>"; };
		5D3FD1D229CE1DD100224E3E /* Base */ = {isa = PBXFileReference; lastKnownFileType = file.storyboard; name = Base; path = Base.lproj/LaunchScreen.storyboard; sourceTree = "<group>"; };
		5D3FD1D829CE1DD200224E3E /* ElonsPathTests.xctest */ = {isa = PBXFileReference; explicitFileType = wrapper.cfbundle; includeInIndex = 0; path = ElonsPathTests.xctest; sourceTree = BUILT_PRODUCTS_DIR; };
		5D3FD1DC29CE1DD200224E3E /* ElonsPathTests.swift */ = {isa = PBXFileReference; lastKnownFileType = sourcecode.swift; path = ElonsPathTests.swift; sourceTree = "<group>"; };
		5D3FD1E229CE1DD200224E3E /* ElonsPathUITests.xctest */ = {isa = PBXFileReference; explicitFileType = wrapper.cfbundle; includeInIndex = 0; path = ElonsPathUITests.xctest; sourceTree = BUILT_PRODUCTS_DIR; };
		5D3FD1E629CE1DD200224E3E /* ElonsPathUITests.swift */ = {isa = PBXFileReference; lastKnownFileType = sourcecode.swift; path = ElonsPathUITests.swift; sourceTree = "<group>"; };
		5D3FD1E829CE1DD200224E3E /* ElonsPathUITestsLaunchTests.swift */ = {isa = PBXFileReference; lastKnownFileType = sourcecode.swift; path = ElonsPathUITestsLaunchTests.swift; sourceTree = "<group>"; };
/* End PBXFileReference section */

/* Begin PBXFrameworksBuildPhase section */
		5D3FD1BC29CE1DCF00224E3E /* Frameworks */ = {
			isa = PBXFrameworksBuildPhase;
			buildActionMask = 2147483647;
			files = (
			);
			runOnlyForDeploymentPostprocessing = 0;
		};
		5D3FD1D529CE1DD200224E3E /* Frameworks */ = {
			isa = PBXFrameworksBuildPhase;
			buildActionMask = 2147483647;
			files = (
			);
			runOnlyForDeploymentPostprocessing = 0;
		};
		5D3FD1DF29CE1DD200224E3E /* Frameworks */ = {
			isa = PBXFrameworksBuildPhase;
			buildActionMask = 2147483647;
			files = (
			);
			runOnlyForDeploymentPostprocessing = 0;
		};
/* End PBXFrameworksBuildPhase section */

/* Begin PBXGroup section */
		5D3FD1B629CE1DCF00224E3E = {
			isa = PBXGroup;
			children = (
				5D3FD1C129CE1DCF00224E3E /* ElonsPath */,
				5D3FD1DB29CE1DD200224E3E /* ElonsPathTests */,
				5D3FD1E529CE1DD200224E3E /* ElonsPathUITests */,
				5D3FD1C029CE1DCF00224E3E /* Products */,
			);
			sourceTree = "<group>";
		};
		5D3FD1C029CE1DCF00224E3E /* Products */ = {
			isa = PBXGroup;
			children = (
				5D3FD1BF29CE1DCF00224E3E /* ElonsPath.app */,
				5D3FD1D829CE1DD200224E3E /* ElonsPathTests.xctest */,
				5D3FD1E229CE1DD200224E3E /* ElonsPathUITests.xctest */,
			);
			name = Products;
			sourceTree = "<group>";
		};
		5D3FD1C129CE1DCF00224E3E /* ElonsPath */ = {
			isa = PBXGroup;
			children = (
				5D74EF0C29E33F7400835457 /* App */,
				5D3FD1C429CE1DD000224E3E /* GameScene.sks */,
				5D3FD1C629CE1DD000224E3E /* Actions.sks */,
				5D3FD1C829CE1DD000224E3E /* GameScene.swift */,
				5D3FD1CA29CE1DD000224E3E /* GameViewController.swift */,
				5D3FD1CC29CE1DD000224E3E /* Main.storyboard */,
				5D74EF0D29E33F7B00835457 /* Resources */,
			);
			path = ElonsPath;
			sourceTree = "<group>";
		};
		5D3FD1DB29CE1DD200224E3E /* ElonsPathTests */ = {
			isa = PBXGroup;
			children = (
				5D3FD1DC29CE1DD200224E3E /* ElonsPathTests.swift */,
			);
			path = ElonsPathTests;
			sourceTree = "<group>";
		};
		5D3FD1E529CE1DD200224E3E /* ElonsPathUITests */ = {
			isa = PBXGroup;
			children = (
				5D3FD1E629CE1DD200224E3E /* ElonsPathUITests.swift */,
				5D3FD1E829CE1DD200224E3E /* ElonsPathUITestsLaunchTests.swift */,
			);
			path = ElonsPathUITests;
			sourceTree = "<group>";
		};
		5D74EF0C29E33F7400835457 /* App */ = {
			isa = PBXGroup;
			children = (
				5D3FD1C229CE1DCF00224E3E /* AppDelegate.swift */,
			);
			path = App;
			sourceTree = "<group>";
		};
		5D74EF0D29E33F7B00835457 /* Resources */ = {
			isa = PBXGroup;
			children = (
				5D74EF0F29E33F8D00835457 /* Media */,
				5D74EF0E29E33F8800835457 /* Launch */,
			);
			path = Resources;
			sourceTree = "<group>";
		};
		5D74EF0E29E33F8800835457 /* Launch */ = {
			isa = PBXGroup;
			children = (
				5D3FD1D129CE1DD100224E3E /* LaunchScreen.storyboard */,
			);
			path = Launch;
			sourceTree = "<group>";
		};
		5D74EF0F29E33F8D00835457 /* Media */ = {
			isa = PBXGroup;
			children = (
				5D3FD1CF29CE1DD100224E3E /* Assets.xcassets */,
			);
			path = Media;
			sourceTree = "<group>";
		};
/* End PBXGroup section */

/* Begin PBXNativeTarget section */
		5D3FD1BE29CE1DCF00224E3E /* ElonsPath */ = {
			isa = PBXNativeTarget;
			buildConfigurationList = 5D3FD1EC29CE1DD200224E3E /* Build configuration list for PBXNativeTarget "ElonsPath" */;
			buildPhases = (
				5D3FD1BB29CE1DCF00224E3E /* Sources */,
				5D3FD1BC29CE1DCF00224E3E /* Frameworks */,
				5D3FD1BD29CE1DCF00224E3E /* Resources */,
			);
			buildRules = (
			);
			dependencies = (
			);
			name = ElonsPath;
			productName = ElonsPath;
			productReference = 5D3FD1BF29CE1DCF00224E3E /* ElonsPath.app */;
			productType = "com.apple.product-type.application";
		};
		5D3FD1D729CE1DD200224E3E /* ElonsPathTests */ = {
			isa = PBXNativeTarget;
			buildConfigurationList = 5D3FD1EF29CE1DD200224E3E /* Build configuration list for PBXNativeTarget "ElonsPathTests" */;
			buildPhases = (
				5D3FD1D429CE1DD200224E3E /* Sources */,
				5D3FD1D529CE1DD200224E3E /* Frameworks */,
				5D3FD1D629CE1DD200224E3E /* Resources */,
			);
			buildRules = (
			);
			dependencies = (
				5D3FD1DA29CE1DD200224E3E /* PBXTargetDependency */,
			);
			name = ElonsPathTests;
			productName = ElonsPathTests;
			productReference = 5D3FD1D829CE1DD200224E3E /* ElonsPathTests.xctest */;
			productType = "com.apple.product-type.bundle.unit-test";
		};
		5D3FD1E129CE1DD200224E3E /* ElonsPathUITests */ = {
			isa = PBXNativeTarget;
			buildConfigurationList = 5D3FD1F229CE1DD200224E3E /* Build configuration list for PBXNativeTarget "ElonsPathUITests" */;
			buildPhases = (
				5D3FD1DE29CE1DD200224E3E /* Sources */,
				5D3FD1DF29CE1DD200224E3E /* Frameworks */,
				5D3FD1E029CE1DD200224E3E /* Resources */,
			);
			buildRules = (
			);
			dependencies = (
				5D3FD1E429CE1DD200224E3E /* PBXTargetDependency */,
			);
			name = ElonsPathUITests;
			productName = ElonsPathUITests;
			productReference = 5D3FD1E229CE1DD200224E3E /* ElonsPathUITests.xctest */;
			productType = "com.apple.product-type.bundle.ui-testing";
		};
/* End PBXNativeTarget section */

/* Begin PBXProject section */
		5D3FD1B729CE1DCF00224E3E /* Project object */ = {
			isa = PBXProject;
			attributes = {
				BuildIndependentTargetsInParallel = 1;
				LastSwiftUpdateCheck = 1420;
				LastUpgradeCheck = 1420;
				TargetAttributes = {
					5D3FD1BE29CE1DCF00224E3E = {
						CreatedOnToolsVersion = 14.2;
					};
					5D3FD1D729CE1DD200224E3E = {
						CreatedOnToolsVersion = 14.2;
						TestTargetID = 5D3FD1BE29CE1DCF00224E3E;
					};
					5D3FD1E129CE1DD200224E3E = {
						CreatedOnToolsVersion = 14.2;
						TestTargetID = 5D3FD1BE29CE1DCF00224E3E;
					};
				};
			};
			buildConfigurationList = 5D3FD1BA29CE1DCF00224E3E /* Build configuration list for PBXProject "ElonsPath" */;
			compatibilityVersion = "Xcode 14.0";
			developmentRegion = en;
			hasScannedForEncodings = 0;
			knownRegions = (
				en,
				Base,
			);
			mainGroup = 5D3FD1B629CE1DCF00224E3E;
			productRefGroup = 5D3FD1C029CE1DCF00224E3E /* Products */;
			projectDirPath = "";
			projectRoot = "";
			targets = (
				5D3FD1BE29CE1DCF00224E3E /* ElonsPath */,
				5D3FD1D729CE1DD200224E3E /* ElonsPathTests */,
				5D3FD1E129CE1DD200224E3E /* ElonsPathUITests */,
			);
		};
/* End PBXProject section */

/* Begin PBXResourcesBuildPhase section */
		5D3FD1BD29CE1DCF00224E3E /* Resources */ = {
			isa = PBXResourcesBuildPhase;
			buildActionMask = 2147483647;
			files = (
				5D3FD1CE29CE1DD000224E3E /* Main.storyboard in Resources */,
				5D3FD1C529CE1DD000224E3E /* GameScene.sks in Resources */,
				5D3FD1D029CE1DD100224E3E /* Assets.xcassets in Resources */,
				5D3FD1D329CE1DD100224E3E /* LaunchScreen.storyboard in Resources */,
				5D3FD1C729CE1DD000224E3E /* Actions.sks in Resources */,
			);
			runOnlyForDeploymentPostprocessing = 0;
		};
		5D3FD1D629CE1DD200224E3E /* Resources */ = {
			isa = PBXResourcesBuildPhase;
			buildActionMask = 2147483647;
			files = (
			);
			runOnlyForDeploymentPostprocessing = 0;
		};
		5D3FD1E029CE1DD200224E3E /* Resources */ = {
			isa = PBXResourcesBuildPhase;
			buildActionMask = 2147483647;
			files = (
			);
			runOnlyForDeploymentPostprocessing = 0;
		};
/* End PBXResourcesBuildPhase section */

/* Begin PBXSourcesBuildPhase section */
		5D3FD1BB29CE1DCF00224E3E /* Sources */ = {
			isa = PBXSourcesBuildPhase;
			buildActionMask = 2147483647;
			files = (
				5D3FD1C929CE1DD000224E3E /* GameScene.swift in Sources */,
				5D3FD1CB29CE1DD000224E3E /* GameViewController.swift in Sources */,
				5D3FD1C329CE1DCF00224E3E /* AppDelegate.swift in Sources */,
			);
			runOnlyForDeploymentPostprocessing = 0;
		};
		5D3FD1D429CE1DD200224E3E /* Sources */ = {
			isa = PBXSourcesBuildPhase;
			buildActionMask = 2147483647;
			files = (
				5D3FD1DD29CE1DD200224E3E /* ElonsPathTests.swift in Sources */,
			);
			runOnlyForDeploymentPostprocessing = 0;
		};
		5D3FD1DE29CE1DD200224E3E /* Sources */ = {
			isa = PBXSourcesBuildPhase;
			buildActionMask = 2147483647;
			files = (
				5D3FD1E729CE1DD200224E3E /* ElonsPathUITests.swift in Sources */,
				5D3FD1E929CE1DD200224E3E /* ElonsPathUITestsLaunchTests.swift in Sources */,
			);
			runOnlyForDeploymentPostprocessing = 0;
		};
/* End PBXSourcesBuildPhase section */

/* Begin PBXTargetDependency section */
		5D3FD1DA29CE1DD200224E3E /* PBXTargetDependency */ = {
			isa = PBXTargetDependency;
			target = 5D3FD1BE29CE1DCF00224E3E /* ElonsPath */;
			targetProxy = 5D3FD1D929CE1DD200224E3E /* PBXContainerItemProxy */;
		};
		5D3FD1E429CE1DD200224E3E /* PBXTargetDependency */ = {
			isa = PBXTargetDependency;
			target = 5D3FD1BE29CE1DCF00224E3E /* ElonsPath */;
			targetProxy = 5D3FD1E329CE1DD200224E3E /* PBXContainerItemProxy */;
		};
/* End PBXTargetDependency section */

/* Begin PBXVariantGroup section */
		5D3FD1CC29CE1DD000224E3E /* Main.storyboard */ = {
			isa = PBXVariantGroup;
			children = (
				5D3FD1CD29CE1DD000224E3E /* Base */,
			);
			name = Main.storyboard;
			sourceTree = "<group>";
		};
		5D3FD1D129CE1DD100224E3E /* LaunchScreen.storyboard */ = {
			isa = PBXVariantGroup;
			children = (
				5D3FD1D229CE1DD100224E3E /* Base */,
			);
			name = LaunchScreen.storyboard;
			sourceTree = "<group>";
		};
/* End PBXVariantGroup section */

/* Begin XCBuildConfiguration section */
		5D3FD1EA29CE1DD200224E3E /* Debug */ = {
			isa = XCBuildConfiguration;
			buildSettings = {
				ALWAYS_SEARCH_USER_PATHS = NO;
				CLANG_ANALYZER_NONNULL = YES;
				CLANG_ANALYZER_NUMBER_OBJECT_CONVERSION = YES_AGGRESSIVE;
				CLANG_CXX_LANGUAGE_STANDARD = "gnu++20";
				CLANG_ENABLE_MODULES = YES;
				CLANG_ENABLE_OBJC_ARC = YES;
				CLANG_ENABLE_OBJC_WEAK = YES;
				CLANG_WARN_BLOCK_CAPTURE_AUTORELEASING = YES;
				CLANG_WARN_BOOL_CONVERSION = YES;
				CLANG_WARN_COMMA = YES;
				CLANG_WARN_CONSTANT_CONVERSION = YES;
				CLANG_WARN_DEPRECATED_OBJC_IMPLEMENTATIONS = YES;
				CLANG_WARN_DIRECT_OBJC_ISA_USAGE = YES_ERROR;
				CLANG_WARN_DOCUMENTATION_COMMENTS = YES;
				CLANG_WARN_EMPTY_BODY = YES;
				CLANG_WARN_ENUM_CONVERSION = YES;
				CLANG_WARN_INFINITE_RECURSION = YES;
				CLANG_WARN_INT_CONVERSION = YES;
				CLANG_WARN_NON_LITERAL_NULL_CONVERSION = YES;
				CLANG_WARN_OBJC_IMPLICIT_RETAIN_SELF = YES;
				CLANG_WARN_OBJC_LITERAL_CONVERSION = YES;
				CLANG_WARN_OBJC_ROOT_CLASS = YES_ERROR;
				CLANG_WARN_QUOTED_INCLUDE_IN_FRAMEWORK_HEADER = YES;
				CLANG_WARN_RANGE_LOOP_ANALYSIS = YES;
				CLANG_WARN_STRICT_PROTOTYPES = YES;
				CLANG_WARN_SUSPICIOUS_MOVE = YES;
				CLANG_WARN_UNGUARDED_AVAILABILITY = YES_AGGRESSIVE;
				CLANG_WARN_UNREACHABLE_CODE = YES;
				CLANG_WARN__DUPLICATE_METHOD_MATCH = YES;
				COPY_PHASE_STRIP = NO;
				DEBUG_INFORMATION_FORMAT = dwarf;
				ENABLE_STRICT_OBJC_MSGSEND = YES;
				ENABLE_TESTABILITY = YES;
				GCC_C_LANGUAGE_STANDARD = gnu11;
				GCC_DYNAMIC_NO_PIC = NO;
				GCC_NO_COMMON_BLOCKS = YES;
				GCC_OPTIMIZATION_LEVEL = 0;
				GCC_PREPROCESSOR_DEFINITIONS = (
					"DEBUG=1",
					"$(inherited)",
				);
				GCC_WARN_64_TO_32_BIT_CONVERSION = YES;
				GCC_WARN_ABOUT_RETURN_TYPE = YES_ERROR;
				GCC_WARN_UNDECLARED_SELECTOR = YES;
				GCC_WARN_UNINITIALIZED_AUTOS = YES_AGGRESSIVE;
				GCC_WARN_UNUSED_FUNCTION = YES;
				GCC_WARN_UNUSED_VARIABLE = YES;
				IPHONEOS_DEPLOYMENT_TARGET = 16.2;
				MTL_ENABLE_DEBUG_INFO = INCLUDE_SOURCE;
				MTL_FAST_MATH = YES;
				ONLY_ACTIVE_ARCH = YES;
				SDKROOT = iphoneos;
				SWIFT_ACTIVE_COMPILATION_CONDITIONS = DEBUG;
				SWIFT_OPTIMIZATION_LEVEL = "-Onone";
			};
			name = Debug;
		};
		5D3FD1EB29CE1DD200224E3E /* Release */ = {
			isa = XCBuildConfiguration;
			buildSettings = {
				ALWAYS_SEARCH_USER_PATHS = NO;
				CLANG_ANALYZER_NONNULL = YES;
				CLANG_ANALYZER_NUMBER_OBJECT_CONVERSION = YES_AGGRESSIVE;
				CLANG_CXX_LANGUAGE_STANDARD = "gnu++20";
				CLANG_ENABLE_MODULES = YES;
				CLANG_ENABLE_OBJC_ARC = YES;
				CLANG_ENABLE_OBJC_WEAK = YES;
				CLANG_WARN_BLOCK_CAPTURE_AUTORELEASING = YES;
				CLANG_WARN_BOOL_CONVERSION = YES;
				CLANG_WARN_COMMA = YES;
				CLANG_WARN_CONSTANT_CONVERSION = YES;
				CLANG_WARN_DEPRECATED_OBJC_IMPLEMENTATIONS = YES;
				CLANG_WARN_DIRECT_OBJC_ISA_USAGE = YES_ERROR;
				CLANG_WARN_DOCUMENTATION_COMMENTS = YES;
				CLANG_WARN_EMPTY_BODY = YES;
				CLANG_WARN_ENUM_CONVERSION = YES;
				CLANG_WARN_INFINITE_RECURSION = YES;
				CLANG_WARN_INT_CONVERSION = YES;
				CLANG_WARN_NON_LITERAL_NULL_CONVERSION = YES;
				CLANG_WARN_OBJC_IMPLICIT_RETAIN_SELF = YES;
				CLANG_WARN_OBJC_LITERAL_CONVERSION = YES;
				CLANG_WARN_OBJC_ROOT_CLASS = YES_ERROR;
				CLANG_WARN_QUOTED_INCLUDE_IN_FRAMEWORK_HEADER = YES;
				CLANG_WARN_RANGE_LOOP_ANALYSIS = YES;
				CLANG_WARN_STRICT_PROTOTYPES = YES;
				CLANG_WARN_SUSPICIOUS_MOVE = YES;
				CLANG_WARN_UNGUARDED_AVAILABILITY = YES_AGGRESSIVE;
				CLANG_WARN_UNREACHABLE_CODE = YES;
				CLANG_WARN__DUPLICATE_METHOD_MATCH = YES;
				COPY_PHASE_STRIP = NO;
				DEBUG_INFORMATION_FORMAT = "dwarf-with-dsym";
				ENABLE_NS_ASSERTIONS = NO;
				ENABLE_STRICT_OBJC_MSGSEND = YES;
				GCC_C_LANGUAGE_STANDARD = gnu11;
				GCC_NO_COMMON_BLOCKS = YES;
				GCC_WARN_64_TO_32_BIT_CONVERSION = YES;
				GCC_WARN_ABOUT_RETURN_TYPE = YES_ERROR;
				GCC_WARN_UNDECLARED_SELECTOR = YES;
				GCC_WARN_UNINITIALIZED_AUTOS = YES_AGGRESSIVE;
				GCC_WARN_UNUSED_FUNCTION = YES;
				GCC_WARN_UNUSED_VARIABLE = YES;
				IPHONEOS_DEPLOYMENT_TARGET = 16.2;
				MTL_ENABLE_DEBUG_INFO = NO;
				MTL_FAST_MATH = YES;
				SDKROOT = iphoneos;
				SWIFT_COMPILATION_MODE = wholemodule;
				SWIFT_OPTIMIZATION_LEVEL = "-O";
				VALIDATE_PRODUCT = YES;
			};
			name = Release;
		};
		5D3FD1ED29CE1DD200224E3E /* Debug */ = {
			isa = XCBuildConfiguration;
			buildSettings = {
				ASSETCATALOG_COMPILER_APPICON_NAME = AppIcon;
				ASSETCATALOG_COMPILER_GLOBAL_ACCENT_COLOR_NAME = AccentColor;
				CODE_SIGN_STYLE = Automatic;
				CURRENT_PROJECT_VERSION = 1;
				DEVELOPMENT_TEAM = 7FCTC6DRE7;
				GENERATE_INFOPLIST_FILE = YES;
				INFOPLIST_KEY_UIApplicationSupportsIndirectInputEvents = YES;
				INFOPLIST_KEY_UILaunchStoryboardName = LaunchScreen;
				INFOPLIST_KEY_UIMainStoryboardFile = Main;
				INFOPLIST_KEY_UIStatusBarHidden = YES;
				INFOPLIST_KEY_UISupportedInterfaceOrientations = "UIInterfaceOrientationLandscapeLeft UIInterfaceOrientationLandscapeRight";
				INFOPLIST_KEY_UISupportedInterfaceOrientations_iPad = "UIInterfaceOrientationLandscapeLeft UIInterfaceOrientationLandscapeRight UIInterfaceOrientationPortrait UIInterfaceOrientationPortraitUpsideDown";
				LD_RUNPATH_SEARCH_PATHS = (
					"$(inherited)",
					"@executable_path/Frameworks",
				);
				MARKETING_VERSION = 1.0;
				PRODUCT_BUNDLE_IDENTIFIER = com.azizbekasadov.ElonsPath;
				PRODUCT_NAME = "$(TARGET_NAME)";
				SWIFT_EMIT_LOC_STRINGS = YES;
				SWIFT_VERSION = 5.0;
				TARGETED_DEVICE_FAMILY = "1,2";
			};
			name = Debug;
		};
		5D3FD1EE29CE1DD200224E3E /* Release */ = {
			isa = XCBuildConfiguration;
			buildSettings = {
				ASSETCATALOG_COMPILER_APPICON_NAME = AppIcon;
				ASSETCATALOG_COMPILER_GLOBAL_ACCENT_COLOR_NAME = AccentColor;
				CODE_SIGN_STYLE = Automatic;
				CURRENT_PROJECT_VERSION = 1;
				DEVELOPMENT_TEAM = 7FCTC6DRE7;
				GENERATE_INFOPLIST_FILE = YES;
				INFOPLIST_KEY_UIApplicationSupportsIndirectInputEvents = YES;
				INFOPLIST_KEY_UILaunchStoryboardName = LaunchScreen;
				INFOPLIST_KEY_UIMainStoryboardFile = Main;
				INFOPLIST_KEY_UIStatusBarHidden = YES;
				INFOPLIST_KEY_UISupportedInterfaceOrientations = "UIInterfaceOrientationLandscapeLeft UIInterfaceOrientationLandscapeRight";
				INFOPLIST_KEY_UISupportedInterfaceOrientations_iPad = "UIInterfaceOrientationLandscapeLeft UIInterfaceOrientationLandscapeRight UIInterfaceOrientationPortrait UIInterfaceOrientationPortraitUpsideDown";
				LD_RUNPATH_SEARCH_PATHS = (
					"$(inherited)",
					"@executable_path/Frameworks",
				);
				MARKETING_VERSION = 1.0;
				PRODUCT_BUNDLE_IDENTIFIER = com.azizbekasadov.ElonsPath;
				PRODUCT_NAME = "$(TARGET_NAME)";
				SWIFT_EMIT_LOC_STRINGS = YES;
				SWIFT_VERSION = 5.0;
				TARGETED_DEVICE_FAMILY = "1,2";
			};
			name = Release;
		};
		5D3FD1F029CE1DD200224E3E /* Debug */ = {
			isa = XCBuildConfiguration;
			buildSettings = {
				ALWAYS_EMBED_SWIFT_STANDARD_LIBRARIES = YES;
				BUNDLE_LOADER = "$(TEST_HOST)";
				CODE_SIGN_STYLE = Automatic;
				CURRENT_PROJECT_VERSION = 1;
				DEVELOPMENT_TEAM = 7FCTC6DRE7;
				GENERATE_INFOPLIST_FILE = YES;
				IPHONEOS_DEPLOYMENT_TARGET = 16.2;
				MARKETING_VERSION = 1.0;
				PRODUCT_BUNDLE_IDENTIFIER = com.azizbekasadov.ElonsPathTests;
				PRODUCT_NAME = "$(TARGET_NAME)";
				SWIFT_EMIT_LOC_STRINGS = NO;
				SWIFT_VERSION = 5.0;
				TARGETED_DEVICE_FAMILY = "1,2";
				TEST_HOST = "$(BUILT_PRODUCTS_DIR)/ElonsPath.app/$(BUNDLE_EXECUTABLE_FOLDER_PATH)/ElonsPath";
			};
			name = Debug;
		};
		5D3FD1F129CE1DD200224E3E /* Release */ = {
			isa = XCBuildConfiguration;
			buildSettings = {
				ALWAYS_EMBED_SWIFT_STANDARD_LIBRARIES = YES;
				BUNDLE_LOADER = "$(TEST_HOST)";
				CODE_SIGN_STYLE = Automatic;
				CURRENT_PROJECT_VERSION = 1;
				DEVELOPMENT_TEAM = 7FCTC6DRE7;
				GENERATE_INFOPLIST_FILE = YES;
				IPHONEOS_DEPLOYMENT_TARGET = 16.2;
				MARKETING_VERSION = 1.0;
				PRODUCT_BUNDLE_IDENTIFIER = com.azizbekasadov.ElonsPathTests;
				PRODUCT_NAME = "$(TARGET_NAME)";
				SWIFT_EMIT_LOC_STRINGS = NO;
				SWIFT_VERSION = 5.0;
				TARGETED_DEVICE_FAMILY = "1,2";
				TEST_HOST = "$(BUILT_PRODUCTS_DIR)/ElonsPath.app/$(BUNDLE_EXECUTABLE_FOLDER_PATH)/ElonsPath";
			};
			name = Release;
		};
		5D3FD1F329CE1DD200224E3E /* Debug */ = {
			isa = XCBuildConfiguration;
			buildSettings = {
				ALWAYS_EMBED_SWIFT_STANDARD_LIBRARIES = YES;
				CODE_SIGN_STYLE = Automatic;
				CURRENT_PROJECT_VERSION = 1;
				DEVELOPMENT_TEAM = 7FCTC6DRE7;
				GENERATE_INFOPLIST_FILE = YES;
				MARKETING_VERSION = 1.0;
				PRODUCT_BUNDLE_IDENTIFIER = com.azizbekasadov.ElonsPathUITests;
				PRODUCT_NAME = "$(TARGET_NAME)";
				SWIFT_EMIT_LOC_STRINGS = NO;
				SWIFT_VERSION = 5.0;
				TARGETED_DEVICE_FAMILY = "1,2";
				TEST_TARGET_NAME = ElonsPath;
			};
			name = Debug;
		};
		5D3FD1F429CE1DD200224E3E /* Release */ = {
			isa = XCBuildConfiguration;
			buildSettings = {
				ALWAYS_EMBED_SWIFT_STANDARD_LIBRARIES = YES;
				CODE_SIGN_STYLE = Automatic;
				CURRENT_PROJECT_VERSION = 1;
				DEVELOPMENT_TEAM = 7FCTC6DRE7;
				GENERATE_INFOPLIST_FILE = YES;
				MARKETING_VERSION = 1.0;
				PRODUCT_BUNDLE_IDENTIFIER = com.azizbekasadov.ElonsPathUITests;
				PRODUCT_NAME = "$(TARGET_NAME)";
				SWIFT_EMIT_LOC_STRINGS = NO;
				SWIFT_VERSION = 5.0;
				TARGETED_DEVICE_FAMILY = "1,2";
				TEST_TARGET_NAME = ElonsPath;
			};
			name = Release;
		};
/* End XCBuildConfiguration section */

/* Begin XCConfigurationList section */
		5D3FD1BA29CE1DCF00224E3E /* Build configuration list for PBXProject "ElonsPath" */ = {
			isa = XCConfigurationList;
			buildConfigurations = (
				5D3FD1EA29CE1DD200224E3E /* Debug */,
				5D3FD1EB29CE1DD200224E3E /* Release */,
			);
			defaultConfigurationIsVisible = 0;
			defaultConfigurationName = Release;
		};
		5D3FD1EC29CE1DD200224E3E /* Build configuration list for PBXNativeTarget "ElonsPath" */ = {
			isa = XCConfigurationList;
			buildConfigurations = (
				5D3FD1ED29CE1DD200224E3E /* Debug */,
				5D3FD1EE29CE1DD200224E3E /* Release */,
			);
			defaultConfigurationIsVisible = 0;
			defaultConfigurationName = Release;
		};
		5D3FD1EF29CE1DD200224E3E /* Build configuration list for PBXNativeTarget "ElonsPathTests" */ = {
			isa = XCConfigurationList;
			buildConfigurations = (
				5D3FD1F029CE1DD200224E3E /* Debug */,
				5D3FD1F129CE1DD200224E3E /* Release */,
			);
			defaultConfigurationIsVisible = 0;
			defaultConfigurationName = Release;
		};
		5D3FD1F229CE1DD200224E3E /* Build configuration list for PBXNativeTarget "ElonsPathUITests" */ = {
			isa = XCConfigurationList;
			buildConfigurations = (
				5D3FD1F329CE1DD200224E3E /* Debug */,
				5D3FD1F429CE1DD200224E3E /* Release */,
			);
			defaultConfigurationIsVisible = 0;
			defaultConfigurationName = Release;
		};
/* End XCConfigurationList section */
	};
	rootObject = 5D3FD1B729CE1DCF00224E3E /* Project object */;
}
